// !$*UTF8*$!
{
	archiveVersion = 1;
	classes = {
	};
	objectVersion = 46;
	objects = {

/* Begin PBXBuildFile section */
		04DED7441D215C91002BC698 /* main.m in Sources */ = {isa = PBXBuildFile; fileRef = 04DED7431D215C91002BC698 /* main.m */; };
		04DED7471D215C91002BC698 /* AppDelegate.m in Sources */ = {isa = PBXBuildFile; fileRef = 04DED7461D215C91002BC698 /* AppDelegate.m */; };
		04DED74A1D215C91002BC698 /* ViewController.m in Sources */ = {isa = PBXBuildFile; fileRef = 04DED7491D215C91002BC698 /* ViewController.m */; };
		04DED74D1D215C91002BC698 /* Main.storyboard in Resources */ = {isa = PBXBuildFile; fileRef = 04DED74B1D215C91002BC698 /* Main.storyboard */; };
		04DED7501D215C91002BC698 /* PinDuoDuo.xcdatamodeld in Sources */ = {isa = PBXBuildFile; fileRef = 04DED74E1D215C91002BC698 /* PinDuoDuo.xcdatamodeld */; };
		04DED7521D215C91002BC698 /* Assets.xcassets in Resources */ = {isa = PBXBuildFile; fileRef = 04DED7511D215C91002BC698 /* Assets.xcassets */; };
		04DED7551D215C91002BC698 /* LaunchScreen.storyboard in Resources */ = {isa = PBXBuildFile; fileRef = 04DED7531D215C91002BC698 /* LaunchScreen.storyboard */; };
		04DED75D1D2163ED002BC698 /* Default-568h@2x.png in Resources */ = {isa = PBXBuildFile; fileRef = 04DED75C1D2163ED002BC698 /* Default-568h@2x.png */; };
		04DED75F1D216691002BC698 /* Images.xcassets in Resources */ = {isa = PBXBuildFile; fileRef = 04DED75E1D216691002BC698 /* Images.xcassets */; };
		04DED7611D2166CA002BC698 /* Images-2.xcassets in Resources */ = {isa = PBXBuildFile; fileRef = 04DED7601D2166CA002BC698 /* Images-2.xcassets */; };
/* End PBXBuildFile section */

/* Begin PBXFileReference section */
		04DED73F1D215C90002BC698 /* PinDuoDuo.app */ = {isa = PBXFileReference; explicitFileType = wrapper.application; includeInIndex = 0; path = PinDuoDuo.app; sourceTree = BUILT_PRODUCTS_DIR; };
		04DED7431D215C91002BC698 /* main.m */ = {isa = PBXFileReference; lastKnownFileType = sourcecode.c.objc; path = main.m; sourceTree = "<group>"; };
		04DED7451D215C91002BC698 /* AppDelegate.h */ = {isa = PBXFileReference; lastKnownFileType = sourcecode.c.h; path = AppDelegate.h; sourceTree = "<group>"; };
		04DED7461D215C91002BC698 /* AppDelegate.m */ = {isa = PBXFileReference; lastKnownFileType = sourcecode.c.objc; path = AppDelegate.m; sourceTree = "<group>"; };
		04DED7481D215C91002BC698 /* ViewController.h */ = {isa = PBXFileReference; lastKnownFileType = sourcecode.c.h; path = ViewController.h; sourceTree = "<group>"; };
		04DED7491D215C91002BC698 /* ViewController.m */ = {isa = PBXFileReference; lastKnownFileType = sourcecode.c.objc; path = ViewController.m; sourceTree = "<group>"; };
		04DED74C1D215C91002BC698 /* Base */ = {isa = PBXFileReference; lastKnownFileType = file.storyboard; name = Base; path = Base.lproj/Main.storyboard; sourceTree = "<group>"; };
		04DED74F1D215C91002BC698 /* PinDuoDuo.xcdatamodel */ = {isa = PBXFileReference; lastKnownFileType = wrapper.xcdatamodel; path = PinDuoDuo.xcdatamodel; sourceTree = "<group>"; };
		04DED7511D215C91002BC698 /* Assets.xcassets */ = {isa = PBXFileReference; lastKnownFileType = folder.assetcatalog; path = Assets.xcassets; sourceTree = "<group>"; };
		04DED7541D215C91002BC698 /* Base */ = {isa = PBXFileReference; lastKnownFileType = file.storyboard; name = Base; path = Base.lproj/LaunchScreen.storyboard; sourceTree = "<group>"; };
		04DED7561D215C91002BC698 /* Info.plist */ = {isa = PBXFileReference; lastKnownFileType = text.plist.xml; path = Info.plist; sourceTree = "<group>"; };
		04DED75C1D2163ED002BC698 /* Default-568h@2x.png */ = {isa = PBXFileReference; lastKnownFileType = image.png; path = "Default-568h@2x.png"; sourceTree = "<group>"; };
		04DED75E1D216691002BC698 /* Images.xcassets */ = {isa = PBXFileReference; lastKnownFileType = folder.assetcatalog; path = Images.xcassets; sourceTree = "<group>"; };
		04DED7601D2166CA002BC698 /* Images-2.xcassets */ = {isa = PBXFileReference; lastKnownFileType = folder.assetcatalog; path = "Images-2.xcassets"; sourceTree = "<group>"; };
/* End PBXFileReference section */

/* Begin PBXFrameworksBuildPhase section */
		04DED73C1D215C90002BC698 /* Frameworks */ = {
			isa = PBXFrameworksBuildPhase;
			buildActionMask = 2147483647;
			files = (
			);
			runOnlyForDeploymentPostprocessing = 0;
		};
/* End PBXFrameworksBuildPhase section */

/* Begin PBXGroup section */
		04DED7361D215C90002BC698 = {
			isa = PBXGroup;
			children = (
				04DED75C1D2163ED002BC698 /* Default-568h@2x.png */,
				04DED7411D215C91002BC698 /* PinDuoDuo */,
				04DED7401D215C90002BC698 /* Products */,
			);
			sourceTree = "<group>";
		};
		04DED7401D215C90002BC698 /* Products */ = {
			isa = PBXGroup;
			children = (
				04DED73F1D215C90002BC698 /* PinDuoDuo.app */,
			);
			name = Products;
			sourceTree = "<group>";
		};
		04DED7411D215C91002BC698 /* PinDuoDuo */ = {
			isa = PBXGroup;
			children = (
				04DED7451D215C91002BC698 /* AppDelegate.h */,
				04DED7461D215C91002BC698 /* AppDelegate.m */,
				04DED7481D215C91002BC698 /* ViewController.h */,
				04DED7491D215C91002BC698 /* ViewController.m */,
				04DED74B1D215C91002BC698 /* Main.storyboard */,
				04DED7511D215C91002BC698 /* Assets.xcassets */,
				04DED7531D215C91002BC698 /* LaunchScreen.storyboard */,
				04DED7561D215C91002BC698 /* Info.plist */,
				04DED74E1D215C91002BC698 /* PinDuoDuo.xcdatamodeld */,
				04DED75E1D216691002BC698 /* Images.xcassets */,
				04DED7601D2166CA002BC698 /* Images-2.xcassets */,
				04DED7421D215C91002BC698 /* Supporting Files */,
			);
			path = PinDuoDuo;
			sourceTree = "<group>";
		};
		04DED7421D215C91002BC698 /* Supporting Files */ = {
			isa = PBXGroup;
			children = (
				04DED7431D215C91002BC698 /* main.m */,
			);
			name = "Supporting Files";
			sourceTree = "<group>";
		};
/* End PBXGroup section */

/* Begin PBXNativeTarget section */
		04DED73E1D215C90002BC698 /* PinDuoDuo */ = {
			isa = PBXNativeTarget;
			buildConfigurationList = 04DED7591D215C91002BC698 /* Build configuration list for PBXNativeTarget "PinDuoDuo" */;
			buildPhases = (
				04DED73B1D215C90002BC698 /* Sources */,
				04DED73C1D215C90002BC698 /* Frameworks */,
				04DED73D1D215C90002BC698 /* Resources */,
			);
			buildRules = (
			);
			dependencies = (
			);
			name = PinDuoDuo;
			productName = PinDuoDuo;
			productReference = 04DED73F1D215C90002BC698 /* PinDuoDuo.app */;
			productType = "com.apple.product-type.application";
		};
/* End PBXNativeTarget section */

/* Begin PBXProject section */
		04DED7371D215C90002BC698 /* Project object */ = {
			isa = PBXProject;
			attributes = {
				LastUpgradeCheck = 0720;
				ORGANIZATIONNAME = mac;
				TargetAttributes = {
					04DED73E1D215C90002BC698 = {
						CreatedOnToolsVersion = 7.2;
					};
				};
			};
			buildConfigurationList = 04DED73A1D215C90002BC698 /* Build configuration list for PBXProject "PinDuoDuo" */;
			compatibilityVersion = "Xcode 3.2";
			developmentRegion = English;
			hasScannedForEncodings = 0;
			knownRegions = (
				en,
				Base,
			);
			mainGroup = 04DED7361D215C90002BC698;
			productRefGroup = 04DED7401D215C90002BC698 /* Products */;
			projectDirPath = "";
			projectRoot = "";
			targets = (
				04DED73E1D215C90002BC698 /* PinDuoDuo */,
			);
		};
/* End PBXProject section */

/* Begin PBXResourcesBuildPhase section */
		04DED73D1D215C90002BC698 /* Resources */ = {
			isa = PBXResourcesBuildPhase;
			buildActionMask = 2147483647;
			files = (
				04DED7611D2166CA002BC698 /* Images-2.xcassets in Resources */,
				04DED7551D215C91002BC698 /* LaunchScreen.storyboard in Resources */,
				04DED75F1D216691002BC698 /* Images.xcassets in Resources */,
				04DED75D1D2163ED002BC698 /* Default-568h@2x.png in Resources */,
				04DED7521D215C91002BC698 /* Assets.xcassets in Resources */,
				04DED74D1D215C91002BC698 /* Main.storyboard in Resources */,
			);
			runOnlyForDeploymentPostprocessing = 0;
		};
/* End PBXResourcesBuildPhase section */

/* Begin PBXSourcesBuildPhase section */
		04DED73B1D215C90002BC698 /* Sources */ = {
			isa = PBXSourcesBuildPhase;
			buildActionMask = 2147483647;
			files = (
				04DED74A1D215C91002BC698 /* ViewController.m in Sources */,
				04DED7501D215C91002BC698 /* PinDuoDuo.xcdatamodeld in Sources */,
				04DED7471D215C91002BC698 /* AppDelegate.m in Sources */,
				04DED7441D215C91002BC698 /* main.m in Sources */,
			);
			runOnlyForDeploymentPostprocessing = 0;
		};
/* End PBXSourcesBuildPhase section */

/* Begin PBXVariantGroup section */
		04DED74B1D215C91002BC698 /* Main.storyboard */ = {
			isa = PBXVariantGroup;
			children = (
				04DED74C1D215C91002BC698 /* Base */,
			);
			name = Main.storyboard;
			sourceTree = "<group>";
		};
		04DED7531D215C91002BC698 /* LaunchScreen.storyboard */ = {
			isa = PBXVariantGroup;
			children = (
				04DED7541D215C91002BC698 /* Base */,
			);
			name = LaunchScreen.storyboard;
			sourceTree = "<group>";
		};
/* End PBXVariantGroup section */

/* Begin XCBuildConfiguration section */
		04DED7571D215C91002BC698 /* Debug */ = {
			isa = XCBuildConfiguration;
			buildSettings = {
				ALWAYS_SEARCH_USER_PATHS = NO;
				CLANG_CXX_LANGUAGE_STANDARD = "gnu++0x";
				CLANG_CXX_LIBRARY = "libc++";
				CLANG_ENABLE_MODULES = YES;
				CLANG_ENABLE_OBJC_ARC = YES;
				CLANG_WARN_BOOL_CONVERSION = YES;
				CLANG_WARN_CONSTANT_CONVERSION = YES;
				CLANG_WARN_DIRECT_OBJC_ISA_USAGE = YES_ERROR;
				CLANG_WARN_EMPTY_BODY = YES;
				CLANG_WARN_ENUM_CONVERSION = YES;
				CLANG_WARN_INT_CONVERSION = YES;
				CLANG_WARN_OBJC_ROOT_CLASS = YES_ERROR;
				CLANG_WARN_UNREACHABLE_CODE = YES;
				CLANG_WARN__DUPLICATE_METHOD_MATCH = YES;
				"CODE_SIGN_IDENTITY[sdk=iphoneos*]" = "iPhone Developer";
				COPY_PHASE_STRIP = NO;
				DEBUG_INFORMATION_FORMAT = dwarf;
				ENABLE_STRICT_OBJC_MSGSEND = YES;
				ENABLE_TESTABILITY = YES;
				GCC_C_LANGUAGE_STANDARD = gnu99;
				GCC_DYNAMIC_NO_PIC = NO;
				GCC_NO_COMMON_BLOCKS = YES;
				GCC_OPTIMIZATION_LEVEL = 0;
				GCC_PREPROCESSOR_DEFINITIONS = (
					"DEBUG=1",
					"$(inherited)",
				);
				GCC_WARN_64_TO_32_BIT_CONVERSION = YES;
				GCC_WARN_ABOUT_RETURN_TYPE = YES_ERROR;
				GCC_WARN_UNDECLARED_SELECTOR = YES;
				GCC_WARN_UNINITIALIZED_AUTOS = YES_AGGRESSIVE;
				GCC_WARN_UNUSED_FUNCTION = YES;
				GCC_WARN_UNUSED_VARIABLE = YES;
				IPHONEOS_DEPLOYMENT_TARGET = 9.2;
				MTL_ENABLE_DEBUG_INFO = YES;
				ONLY_ACTIVE_ARCH = YES;
				SDKROOT = iphoneos;
				TARGETED_DEVICE_FAMILY = "1,2";
			};
			name = Debug;
		};
		04DED7581D215C91002BC698 /* Release */ = {
			isa = XCBuildConfiguration;
			buildSettings = {
				ALWAYS_SEARCH_USER_PATHS = NO;
				CLANG_CXX_LANGUAGE_STANDARD = "gnu++0x";
				CLANG_CXX_LIBRARY = "libc++";
				CLANG_ENABLE_MODULES = YES;
				CLANG_ENABLE_OBJC_ARC = YES;
				CLANG_WARN_BOOL_CONVERSION = YES;
				CLANG_WARN_CONSTANT_CONVERSION = YES;
				CLANG_WARN_DIRECT_OBJC_ISA_USAGE = YES_ERROR;
				CLANG_WARN_EMPTY_BODY = YES;
				CLANG_WARN_ENUM_CONVERSION = YES;
				CLANG_WARN_INT_CONVERSION = YES;
				CLANG_WARN_OBJC_ROOT_CLASS = YES_ERROR;
				CLANG_WARN_UNREACHABLE_CODE = YES;
				CLANG_WARN__DUPLICATE_METHOD_MATCH = YES;
				"CODE_SIGN_IDENTITY[sdk=iphoneos*]" = "iPhone Developer";
				COPY_PHASE_STRIP = NO;
				DEBUG_INFORMATION_FORMAT = "dwarf-with-dsym";
				ENABLE_NS_ASSERTIONS = NO;
				ENABLE_STRICT_OBJC_MSGSEND = YES;
				GCC_C_LANGUAGE_STANDARD = gnu99;
				GCC_NO_COMMON_BLOCKS = YES;
				GCC_WARN_64_TO_32_BIT_CONVERSION = YES;
				GCC_WARN_ABOUT_RETURN_TYPE = YES_ERROR;
				GCC_WARN_UNDECLARED_SELECTOR = YES;
				GCC_WARN_UNINITIALIZED_AUTOS = YES_AGGRESSIVE;
				GCC_WARN_UNUSED_FUNCTION = YES;
				GCC_WARN_UNUSED_VARIABLE = YES;
				IPHONEOS_DEPLOYMENT_TARGET = 9.2;
				MTL_ENABLE_DEBUG_INFO = NO;
				SDKROOT = iphoneos;
				TARGETED_DEVICE_FAMILY = "1,2";
				VALIDATE_PRODUCT = YES;
			};
			name = Release;
		};
		04DED75A1D215C91002BC698 /* Debug */ = {
			isa = XCBuildConfiguration;
			buildSettings = {
				ASSETCATALOG_COMPILER_APPICON_NAME = AppIcon;
				ASSETCATALOG_COMPILER_LAUNCHIMAGE_NAME = LaunchImage;
				INFOPLIST_FILE = PinDuoDuo/Info.plist;
				LD_RUNPATH_SEARCH_PATHS = "$(inherited) @executable_path/Frameworks";
				PRODUCT_BUNDLE_IDENTIFIER = com.CEO.PinDuoDuo;
				PRODUCT_NAME = "$(TARGET_NAME)";
			};
			name = Debug;
		};
		04DED75B1D215C91002BC698 /* Release */ = {
			isa = XCBuildConfiguration;
			buildSettings = {
				ASSETCATALOG_COMPILER_APPICON_NAME = AppIcon;
				ASSETCATALOG_COMPILER_LAUNCHIMAGE_NAME = LaunchImage;
				INFOPLIST_FILE = PinDuoDuo/Info.plist;
				LD_RUNPATH_SEARCH_PATHS = "$(inherited) @executable_path/Frameworks";
				PRODUCT_BUNDLE_IDENTIFIER = com.CEO.PinDuoDuo;
				PRODUCT_NAME = "$(TARGET_NAME)";
			};
			name = Release;
		};
/* End XCBuildConfiguration section */

/* Begin XCConfigurationList section */
		04DED73A1D215C90002BC698 /* Build configuration list for PBXProject "PinDuoDuo" */ = {
			isa = XCConfigurationList;
			buildConfigurations = (
				04DED7571D215C91002BC698 /* Debug */,
				04DED7581D215C91002BC698 /* Release */,
			);
			defaultConfigurationIsVisible = 0;
			defaultConfigurationName = Release;
		};
		04DED7591D215C91002BC698 /* Build configuration list for PBXNativeTarget "PinDuoDuo" */ = {
			isa = XCConfigurationList;
			buildConfigurations = (
				04DED75A1D215C91002BC698 /* Debug */,
				04DED75B1D215C91002BC698 /* Release */,
			);
			defaultConfigurationIsVisible = 0;
		};
/* End XCConfigurationList section */

/* Begin XCVersionGroup section */
		04DED74E1D215C91002BC698 /* PinDuoDuo.xcdatamodeld */ = {
			isa = XCVersionGroup;
			children = (
				04DED74F1D215C91002BC698 /* PinDuoDuo.xcdatamodel */,
			);
			currentVersion = 04DED74F1D215C91002BC698 /* PinDuoDuo.xcdatamodel */;
			path = PinDuoDuo.xcdatamodeld;
			sourceTree = "<group>";
			versionGroupType = wrapper.xcdatamodel;
		};
/* End XCVersionGroup section */
	};
	rootObject = 04DED7371D215C90002BC698 /* Project object */;
}
